
Microsoft Visual Studio Solution File, Format Version 12.00
# Visual Studio Version 16
VisualStudioVersion = 16.0.31410.357
MinimumVisualStudioVersion = 10.0.40219.1
Project("{FAE04EC0-301F-11D3-BF4B-00C04F79EFBC}") = "testClient", "testClient\testClient.csproj", "{B9416A67-8863-44D5-8F70-DF13AA1AF58D}"
EndProject
Global
	GlobalSection(SolutionConfigurationPlatforms) = preSolution
		Debug|Any CPU = Debug|Any CPU
		Release|Any CPU = Release|Any CPU
	EndGlobalSection
	GlobalSection(ProjectConfigurationPlatforms) = postSolution
		{B9416A67-8863-44D5-8F70-DF13AA1AF58D}.Debug|Any CPU.ActiveCfg = Debug|Any CPU
		{B9416A67-8863-44D5-8F70-DF13AA1AF58D}.Debug|Any CPU.Build.0 = Debug|Any CPU
		{B9416A67-8863-44D5-8F70-DF13AA1AF58D}.Release|Any CPU.ActiveCfg = Release|Any CPU
		{B9416A67-8863-44D5-8F70-DF13AA1AF58D}.Release|Any CPU.Build.0 = Release|Any CPU
	EndGlobalSection
	GlobalSection(SolutionProperties) = preSolution
		HideSolutionNode = FALSE
	EndGlobalSection
	GlobalSection(ExtensibilityGlobals) = postSolution
		SolutionGuid = {FD0CAE6E-E300-4A0B-82D4-369E58F779C6}
	EndGlobalSection
EndGlobal
